
Microsoft Visual Studio Solution File, Format Version 12.00
# Visual Studio Version 16
VisualStudioVersion = 16.0.31410.357
MinimumVisualStudioVersion = 10.0.40219.1
Project("{9A19103F-16F7-4668-BE54-9A1E7A4F7556}") = "eBiser", "eBiser\eBiser.csproj", "{61E69CAD-C02D-4DFA-AFD9-BB2C3D4050BE}"
EndProject
Project("{2150E333-8FDC-42A3-9474-1A3956D46DE8}") = "UI", "UI", "{7EFA530D-312B-4323-9993-15C7A214A505}"
EndProject
Project("{2150E333-8FDC-42A3-9474-1A3956D46DE8}") = "Mobile", "Mobile", "{4C5E8C14-A287-4101-9BF0-16D76251F922}"
EndProject
Project("{2150E333-8FDC-42A3-9474-1A3956D46DE8}") = "Desktop", "Desktop", "{FE52D87D-590D-4AE1-8F9D-DB2693E9C202}"
EndProject
Project("{FAE04EC0-301F-11D3-BF4B-00C04F79EFBC}") = "eBiser.WindowsUI", "eBiser.WindowsUI\eBiser.WindowsUI.csproj", "{E36A2EF4-53DF-42D9-A65D-46705FE94191}"
EndProject
Project("{FAE04EC0-301F-11D3-BF4B-00C04F79EFBC}") = "eBiserMobileApp.UWP", "eBiserMobileApp\eBiserMobileApp.UWP\eBiserMobileApp.UWP.csproj", "{74CC8E1B-4001-4810-9246-13F33C7D94CA}"
EndProject
Project("{FAE04EC0-301F-11D3-BF4B-00C04F79EFBC}") = "eBiserMobileApp.Android", "eBiserMobileApp\eBiserMobileApp.Android\eBiserMobileApp.Android.csproj", "{976F9047-2967-428B-8B0D-D6F18BF44EA3}"
EndProject
Project("{FAE04EC0-301F-11D3-BF4B-00C04F79EFBC}") = "eBiserMobileApp.iOS", "eBiserMobileApp\eBiserMobileApp.iOS\eBiserMobileApp.iOS.csproj", "{573F69B9-FB97-48F8-BC26-120159C7D0AB}"
EndProject
Project("{9A19103F-16F7-4668-BE54-9A1E7A4F7556}") = "eBiserMobileApp", "eBiserMobileApp\eBiserMobileApp\eBiserMobileApp.csproj", "{6D3E4D81-9EA9-44BF-80B1-FF51EF45C6E0}"
EndProject
Project("{9A19103F-16F7-4668-BE54-9A1E7A4F7556}") = "eBiser.Data", "eBiser.Data\eBiser.Data.csproj", "{529F175D-FB70-437C-B08F-374F8A1337C3}"
EndProject
Global
	GlobalSection(SolutionConfigurationPlatforms) = preSolution
		Debug|Any CPU = Debug|Any CPU
		Debug|ARM = Debug|ARM
		Debug|iPhone = Debug|iPhone
		Debug|iPhoneSimulator = Debug|iPhoneSimulator
		Debug|x64 = Debug|x64
		Debug|x86 = Debug|x86
		Release|Any CPU = Release|Any CPU
		Release|ARM = Release|ARM
		Release|iPhone = Release|iPhone
		Release|iPhoneSimulator = Release|iPhoneSimulator
		Release|x64 = Release|x64
		Release|x86 = Release|x86
	EndGlobalSection
	GlobalSection(ProjectConfigurationPlatforms) = postSolution
		{61E69CAD-C02D-4DFA-AFD9-BB2C3D4050BE}.Debug|Any CPU.ActiveCfg = Debug|Any CPU
		{61E69CAD-C02D-4DFA-AFD9-BB2C3D4050BE}.Debug|Any CPU.Build.0 = Debug|Any CPU
		{61E69CAD-C02D-4DFA-AFD9-BB2C3D4050BE}.Debug|ARM.ActiveCfg = Debug|Any CPU
		{61E69CAD-C02D-4DFA-AFD9-BB2C3D4050BE}.Debug|ARM.Build.0 = Debug|Any CPU
		{61E69CAD-C02D-4DFA-AFD9-BB2C3D4050BE}.Debug|iPhone.ActiveCfg = Debug|Any CPU
		{61E69CAD-C02D-4DFA-AFD9-BB2C3D4050BE}.Debug|iPhone.Build.0 = Debug|Any CPU
		{61E69CAD-C02D-4DFA-AFD9-BB2C3D4050BE}.Debug|iPhoneSimulator.ActiveCfg = Debug|Any CPU
		{61E69CAD-C02D-4DFA-AFD9-BB2C3D4050BE}.Debug|iPhoneSimulator.Build.0 = Debug|Any CPU
		{61E69CAD-C02D-4DFA-AFD9-BB2C3D4050BE}.Debug|x64.ActiveCfg = Debug|Any CPU
		{61E69CAD-C02D-4DFA-AFD9-BB2C3D4050BE}.Debug|x64.Build.0 = Debug|Any CPU
		{61E69CAD-C02D-4DFA-AFD9-BB2C3D4050BE}.Debug|x86.ActiveCfg = Debug|Any CPU
		{61E69CAD-C02D-4DFA-AFD9-BB2C3D4050BE}.Debug|x86.Build.0 = Debug|Any CPU
		{61E69CAD-C02D-4DFA-AFD9-BB2C3D4050BE}.Release|Any CPU.ActiveCfg = Release|Any CPU
		{61E69CAD-C02D-4DFA-AFD9-BB2C3D4050BE}.Release|Any CPU.Build.0 = Release|Any CPU
		{61E69CAD-C02D-4DFA-AFD9-BB2C3D4050BE}.Release|ARM.ActiveCfg = Release|Any CPU
		{61E69CAD-C02D-4DFA-AFD9-BB2C3D4050BE}.Release|ARM.Build.0 = Release|Any CPU
		{61E69CAD-C02D-4DFA-AFD9-BB2C3D4050BE}.Release|iPhone.ActiveCfg = Release|Any CPU
		{61E69CAD-C02D-4DFA-AFD9-BB2C3D4050BE}.Release|iPhone.Build.0 = Release|Any CPU
		{61E69CAD-C02D-4DFA-AFD9-BB2C3D4050BE}.Release|iPhoneSimulator.ActiveCfg = Release|Any CPU
		{61E69CAD-C02D-4DFA-AFD9-BB2C3D4050BE}.Release|iPhoneSimulator.Build.0 = Release|Any CPU
		{61E69CAD-C02D-4DFA-AFD9-BB2C3D4050BE}.Release|x64.ActiveCfg = Release|Any CPU
		{61E69CAD-C02D-4DFA-AFD9-BB2C3D4050BE}.Release|x64.Build.0 = Release|Any CPU
		{61E69CAD-C02D-4DFA-AFD9-BB2C3D4050BE}.Release|x86.ActiveCfg = Release|Any CPU
		{61E69CAD-C02D-4DFA-AFD9-BB2C3D4050BE}.Release|x86.Build.0 = Release|Any CPU
		{E36A2EF4-53DF-42D9-A65D-46705FE94191}.Debug|Any CPU.ActiveCfg = Debug|Any CPU
		{E36A2EF4-53DF-42D9-A65D-46705FE94191}.Debug|Any CPU.Build.0 = Debug|Any CPU
		{E36A2EF4-53DF-42D9-A65D-46705FE94191}.Debug|ARM.ActiveCfg = Debug|Any CPU
		{E36A2EF4-53DF-42D9-A65D-46705FE94191}.Debug|ARM.Build.0 = Debug|Any CPU
		{E36A2EF4-53DF-42D9-A65D-46705FE94191}.Debug|iPhone.ActiveCfg = Debug|Any CPU
		{E36A2EF4-53DF-42D9-A65D-46705FE94191}.Debug|iPhone.Build.0 = Debug|Any CPU
		{E36A2EF4-53DF-42D9-A65D-46705FE94191}.Debug|iPhoneSimulator.ActiveCfg = Debug|Any CPU
		{E36A2EF4-53DF-42D9-A65D-46705FE94191}.Debug|iPhoneSimulator.Build.0 = Debug|Any CPU
		{E36A2EF4-53DF-42D9-A65D-46705FE94191}.Debug|x64.ActiveCfg = Debug|Any CPU
		{E36A2EF4-53DF-42D9-A65D-46705FE94191}.Debug|x64.Build.0 = Debug|Any CPU
		{E36A2EF4-53DF-42D9-A65D-46705FE94191}.Debug|x86.ActiveCfg = Debug|Any CPU
		{E36A2EF4-53DF-42D9-A65D-46705FE94191}.Debug|x86.Build.0 = Debug|Any CPU
		{E36A2EF4-53DF-42D9-A65D-46705FE94191}.Release|Any CPU.ActiveCfg = Release|Any CPU
		{E36A2EF4-53DF-42D9-A65D-46705FE94191}.Release|Any CPU.Build.0 = Release|Any CPU
		{E36A2EF4-53DF-42D9-A65D-46705FE94191}.Release|ARM.ActiveCfg = Release|Any CPU
		{E36A2EF4-53DF-42D9-A65D-46705FE94191}.Release|ARM.Build.0 = Release|Any CPU
		{E36A2EF4-53DF-42D9-A65D-46705FE94191}.Release|iPhone.ActiveCfg = Release|Any CPU
		{E36A2EF4-53DF-42D9-A65D-46705FE94191}.Release|iPhone.Build.0 = Release|Any CPU
		{E36A2EF4-53DF-42D9-A65D-46705FE94191}.Release|iPhoneSimulator.ActiveCfg = Release|Any CPU
		{E36A2EF4-53DF-42D9-A65D-46705FE94191}.Release|iPhoneSimulator.Build.0 = Release|Any CPU
		{E36A2EF4-53DF-42D9-A65D-46705FE94191}.Release|x64.ActiveCfg = Release|Any CPU
		{E36A2EF4-53DF-42D9-A65D-46705FE94191}.Release|x64.Build.0 = Release|Any CPU
		{E36A2EF4-53DF-42D9-A65D-46705FE94191}.Release|x86.ActiveCfg = Release|Any CPU
		{E36A2EF4-53DF-42D9-A65D-46705FE94191}.Release|x86.Build.0 = Release|Any CPU
		{74CC8E1B-4001-4810-9246-13F33C7D94CA}.Debug|Any CPU.ActiveCfg = Debug|x86
		{74CC8E1B-4001-4810-9246-13F33C7D94CA}.Debug|ARM.ActiveCfg = Debug|ARM
		{74CC8E1B-4001-4810-9246-13F33C7D94CA}.Debug|ARM.Build.0 = Debug|ARM
		{74CC8E1B-4001-4810-9246-13F33C7D94CA}.Debug|ARM.Deploy.0 = Debug|ARM
		{74CC8E1B-4001-4810-9246-13F33C7D94CA}.Debug|iPhone.ActiveCfg = Debug|x86
		{74CC8E1B-4001-4810-9246-13F33C7D94CA}.Debug|iPhoneSimulator.ActiveCfg = Debug|x86
		{74CC8E1B-4001-4810-9246-13F33C7D94CA}.Debug|x64.ActiveCfg = Debug|x64
		{74CC8E1B-4001-4810-9246-13F33C7D94CA}.Debug|x64.Build.0 = Debug|x64
		{74CC8E1B-4001-4810-9246-13F33C7D94CA}.Debug|x64.Deploy.0 = Debug|x64
		{74CC8E1B-4001-4810-9246-13F33C7D94CA}.Debug|x86.ActiveCfg = Debug|x86
		{74CC8E1B-4001-4810-9246-13F33C7D94CA}.Debug|x86.Build.0 = Debug|x86
		{74CC8E1B-4001-4810-9246-13F33C7D94CA}.Debug|x86.Deploy.0 = Debug|x86
		{74CC8E1B-4001-4810-9246-13F33C7D94CA}.Release|Any CPU.ActiveCfg = Release|x86
		{74CC8E1B-4001-4810-9246-13F33C7D94CA}.Release|ARM.ActiveCfg = Release|ARM
		{74CC8E1B-4001-4810-9246-13F33C7D94CA}.Release|ARM.Build.0 = Release|ARM
		{74CC8E1B-4001-4810-9246-13F33C7D94CA}.Release|ARM.Deploy.0 = Release|ARM
		{74CC8E1B-4001-4810-9246-13F33C7D94CA}.Release|iPhone.ActiveCfg = Release|x86
		{74CC8E1B-4001-4810-9246-13F33C7D94CA}.Release|iPhoneSimulator.ActiveCfg = Release|x86
		{74CC8E1B-4001-4810-9246-13F33C7D94CA}.Release|x64.ActiveCfg = Release|x64
		{74CC8E1B-4001-4810-9246-13F33C7D94CA}.Release|x64.Build.0 = Release|x64
		{74CC8E1B-4001-4810-9246-13F33C7D94CA}.Release|x64.Deploy.0 = Release|x64
		{74CC8E1B-4001-4810-9246-13F33C7D94CA}.Release|x86.ActiveCfg = Release|x86
		{74CC8E1B-4001-4810-9246-13F33C7D94CA}.Release|x86.Build.0 = Release|x86
		{74CC8E1B-4001-4810-9246-13F33C7D94CA}.Release|x86.Deploy.0 = Release|x86
		{976F9047-2967-428B-8B0D-D6F18BF44EA3}.Debug|Any CPU.ActiveCfg = Debug|Any CPU
		{976F9047-2967-428B-8B0D-D6F18BF44EA3}.Debug|Any CPU.Build.0 = Debug|Any CPU
		{976F9047-2967-428B-8B0D-D6F18BF44EA3}.Debug|Any CPU.Deploy.0 = Debug|Any CPU
		{976F9047-2967-428B-8B0D-D6F18BF44EA3}.Debug|ARM.ActiveCfg = Debug|Any CPU
		{976F9047-2967-428B-8B0D-D6F18BF44EA3}.Debug|ARM.Build.0 = Debug|Any CPU
		{976F9047-2967-428B-8B0D-D6F18BF44EA3}.Debug|ARM.Deploy.0 = Debug|Any CPU
		{976F9047-2967-428B-8B0D-D6F18BF44EA3}.Debug|iPhone.ActiveCfg = Debug|Any CPU
		{976F9047-2967-428B-8B0D-D6F18BF44EA3}.Debug|iPhone.Build.0 = Debug|Any CPU
		{976F9047-2967-428B-8B0D-D6F18BF44EA3}.Debug|iPhone.Deploy.0 = Debug|Any CPU
		{976F9047-2967-428B-8B0D-D6F18BF44EA3}.Debug|iPhoneSimulator.ActiveCfg = Debug|Any CPU
		{976F9047-2967-428B-8B0D-D6F18BF44EA3}.Debug|iPhoneSimulator.Build.0 = Debug|Any CPU
		{976F9047-2967-428B-8B0D-D6F18BF44EA3}.Debug|iPhoneSimulator.Deploy.0 = Debug|Any CPU
		{976F9047-2967-428B-8B0D-D6F18BF44EA3}.Debug|x64.ActiveCfg = Debug|Any CPU
		{976F9047-2967-428B-8B0D-D6F18BF44EA3}.Debug|x64.Build.0 = Debug|Any CPU
		{976F9047-2967-428B-8B0D-D6F18BF44EA3}.Debug|x64.Deploy.0 = Debug|Any CPU
		{976F9047-2967-428B-8B0D-D6F18BF44EA3}.Debug|x86.ActiveCfg = Debug|Any CPU
		{976F9047-2967-428B-8B0D-D6F18BF44EA3}.Debug|x86.Build.0 = Debug|Any CPU
		{976F9047-2967-428B-8B0D-D6F18BF44EA3}.Debug|x86.Deploy.0 = Debug|Any CPU
		{976F9047-2967-428B-8B0D-D6F18BF44EA3}.Release|Any CPU.ActiveCfg = Release|Any CPU
		{976F9047-2967-428B-8B0D-D6F18BF44EA3}.Release|Any CPU.Build.0 = Release|Any CPU
		{976F9047-2967-428B-8B0D-D6F18BF44EA3}.Release|Any CPU.Deploy.0 = Release|Any CPU
		{976F9047-2967-428B-8B0D-D6F18BF44EA3}.Release|ARM.ActiveCfg = Release|Any CPU
		{976F9047-2967-428B-8B0D-D6F18BF44EA3}.Release|ARM.Build.0 = Release|Any CPU
		{976F9047-2967-428B-8B0D-D6F18BF44EA3}.Release|ARM.Deploy.0 = Release|Any CPU
		{976F9047-2967-428B-8B0D-D6F18BF44EA3}.Release|iPhone.ActiveCfg = Release|Any CPU
		{976F9047-2967-428B-8B0D-D6F18BF44EA3}.Release|iPhone.Build.0 = Release|Any CPU
		{976F9047-2967-428B-8B0D-D6F18BF44EA3}.Release|iPhone.Deploy.0 = Release|Any CPU
		{976F9047-2967-428B-8B0D-D6F18BF44EA3}.Release|iPhoneSimulator.ActiveCfg = Release|Any CPU
		{976F9047-2967-428B-8B0D-D6F18BF44EA3}.Release|iPhoneSimulator.Build.0 = Release|Any CPU
		{976F9047-2967-428B-8B0D-D6F18BF44EA3}.Release|iPhoneSimulator.Deploy.0 = Release|Any CPU
		{976F9047-2967-428B-8B0D-D6F18BF44EA3}.Release|x64.ActiveCfg = Release|Any CPU
		{976F9047-2967-428B-8B0D-D6F18BF44EA3}.Release|x64.Build.0 = Release|Any CPU
		{976F9047-2967-428B-8B0D-D6F18BF44EA3}.Release|x64.Deploy.0 = Release|Any CPU
		{976F9047-2967-428B-8B0D-D6F18BF44EA3}.Release|x86.ActiveCfg = Release|Any CPU
		{976F9047-2967-428B-8B0D-D6F18BF44EA3}.Release|x86.Build.0 = Release|Any CPU
		{976F9047-2967-428B-8B0D-D6F18BF44EA3}.Release|x86.Deploy.0 = Release|Any CPU
		{573F69B9-FB97-48F8-BC26-120159C7D0AB}.Debug|Any CPU.ActiveCfg = Debug|iPhoneSimulator
		{573F69B9-FB97-48F8-BC26-120159C7D0AB}.Debug|ARM.ActiveCfg = Debug|iPhoneSimulator
		{573F69B9-FB97-48F8-BC26-120159C7D0AB}.Debug|iPhone.ActiveCfg = Debug|iPhone
		{573F69B9-FB97-48F8-BC26-120159C7D0AB}.Debug|iPhone.Build.0 = Debug|iPhone
		{573F69B9-FB97-48F8-BC26-120159C7D0AB}.Debug|iPhoneSimulator.ActiveCfg = Debug|iPhoneSimulator
		{573F69B9-FB97-48F8-BC26-120159C7D0AB}.Debug|iPhoneSimulator.Build.0 = Debug|iPhoneSimulator
		{573F69B9-FB97-48F8-BC26-120159C7D0AB}.Debug|x64.ActiveCfg = Debug|iPhoneSimulator
		{573F69B9-FB97-48F8-BC26-120159C7D0AB}.Debug|x86.ActiveCfg = Debug|iPhoneSimulator
		{573F69B9-FB97-48F8-BC26-120159C7D0AB}.Release|Any CPU.ActiveCfg = Release|iPhoneSimulator
		{573F69B9-FB97-48F8-BC26-120159C7D0AB}.Release|ARM.ActiveCfg = Release|iPhoneSimulator
		{573F69B9-FB97-48F8-BC26-120159C7D0AB}.Release|iPhone.ActiveCfg = Release|iPhone
		{573F69B9-FB97-48F8-BC26-120159C7D0AB}.Release|iPhone.Build.0 = Release|iPhone
		{573F69B9-FB97-48F8-BC26-120159C7D0AB}.Release|iPhoneSimulator.ActiveCfg = Release|iPhoneSimulator
		{573F69B9-FB97-48F8-BC26-120159C7D0AB}.Release|iPhoneSimulator.Build.0 = Release|iPhoneSimulator
		{573F69B9-FB97-48F8-BC26-120159C7D0AB}.Release|x64.ActiveCfg = Release|iPhoneSimulator
		{573F69B9-FB97-48F8-BC26-120159C7D0AB}.Release|x86.ActiveCfg = Release|iPhoneSimulator
		{6D3E4D81-9EA9-44BF-80B1-FF51EF45C6E0}.Debug|Any CPU.ActiveCfg = Debug|Any CPU
		{6D3E4D81-9EA9-44BF-80B1-FF51EF45C6E0}.Debug|Any CPU.Build.0 = Debug|Any CPU
		{6D3E4D81-9EA9-44BF-80B1-FF51EF45C6E0}.Debug|ARM.ActiveCfg = Debug|Any CPU
		{6D3E4D81-9EA9-44BF-80B1-FF51EF45C6E0}.Debug|ARM.Build.0 = Debug|Any CPU
		{6D3E4D81-9EA9-44BF-80B1-FF51EF45C6E0}.Debug|iPhone.ActiveCfg = Debug|Any CPU
		{6D3E4D81-9EA9-44BF-80B1-FF51EF45C6E0}.Debug|iPhone.Build.0 = Debug|Any CPU
		{6D3E4D81-9EA9-44BF-80B1-FF51EF45C6E0}.Debug|iPhoneSimulator.ActiveCfg = Debug|Any CPU
		{6D3E4D81-9EA9-44BF-80B1-FF51EF45C6E0}.Debug|iPhoneSimulator.Build.0 = Debug|Any CPU
		{6D3E4D81-9EA9-44BF-80B1-FF51EF45C6E0}.Debug|x64.ActiveCfg = Debug|Any CPU
		{6D3E4D81-9EA9-44BF-80B1-FF51EF45C6E0}.Debug|x64.Build.0 = Debug|Any CPU
		{6D3E4D81-9EA9-44BF-80B1-FF51EF45C6E0}.Debug|x86.ActiveCfg = Debug|Any CPU
		{6D3E4D81-9EA9-44BF-80B1-FF51EF45C6E0}.Debug|x86.Build.0 = Debug|Any CPU
		{6D3E4D81-9EA9-44BF-80B1-FF51EF45C6E0}.Release|Any CPU.ActiveCfg = Release|Any CPU
		{6D3E4D81-9EA9-44BF-80B1-FF51EF45C6E0}.Release|Any CPU.Build.0 = Release|Any CPU
		{6D3E4D81-9EA9-44BF-80B1-FF51EF45C6E0}.Release|ARM.ActiveCfg = Release|Any CPU
		{6D3E4D81-9EA9-44BF-80B1-FF51EF45C6E0}.Release|ARM.Build.0 = Release|Any CPU
		{6D3E4D81-9EA9-44BF-80B1-FF51EF45C6E0}.Release|iPhone.ActiveCfg = Release|Any CPU
		{6D3E4D81-9EA9-44BF-80B1-FF51EF45C6E0}.Release|iPhone.Build.0 = Release|Any CPU
		{6D3E4D81-9EA9-44BF-80B1-FF51EF45C6E0}.Release|iPhoneSimulator.ActiveCfg = Release|Any CPU
		{6D3E4D81-9EA9-44BF-80B1-FF51EF45C6E0}.Release|iPhoneSimulator.Build.0 = Release|Any CPU
		{6D3E4D81-9EA9-44BF-80B1-FF51EF45C6E0}.Release|x64.ActiveCfg = Release|Any CPU
		{6D3E4D81-9EA9-44BF-80B1-FF51EF45C6E0}.Release|x64.Build.0 = Release|Any CPU
		{6D3E4D81-9EA9-44BF-80B1-FF51EF45C6E0}.Release|x86.ActiveCfg = Release|Any CPU
		{6D3E4D81-9EA9-44BF-80B1-FF51EF45C6E0}.Release|x86.Build.0 = Release|Any CPU
		{529F175D-FB70-437C-B08F-374F8A1337C3}.Debug|Any CPU.ActiveCfg = Debug|Any CPU
		{529F175D-FB70-437C-B08F-374F8A1337C3}.Debug|Any CPU.Build.0 = Debug|Any CPU
		{529F175D-FB70-437C-B08F-374F8A1337C3}.Debug|ARM.ActiveCfg = Debug|Any CPU
		{529F175D-FB70-437C-B08F-374F8A1337C3}.Debug|ARM.Build.0 = Debug|Any CPU
		{529F175D-FB70-437C-B08F-374F8A1337C3}.Debug|iPhone.ActiveCfg = Debug|Any CPU
		{529F175D-FB70-437C-B08F-374F8A1337C3}.Debug|iPhone.Build.0 = Debug|Any CPU
		{529F175D-FB70-437C-B08F-374F8A1337C3}.Debug|iPhoneSimulator.ActiveCfg = Debug|Any CPU
		{529F175D-FB70-437C-B08F-374F8A1337C3}.Debug|iPhoneSimulator.Build.0 = Debug|Any CPU
		{529F175D-FB70-437C-B08F-374F8A1337C3}.Debug|x64.ActiveCfg = Debug|Any CPU
		{529F175D-FB70-437C-B08F-374F8A1337C3}.Debug|x64.Build.0 = Debug|Any CPU
		{529F175D-FB70-437C-B08F-374F8A1337C3}.Debug|x86.ActiveCfg = Debug|Any CPU
		{529F175D-FB70-437C-B08F-374F8A1337C3}.Debug|x86.Build.0 = Debug|Any CPU
		{529F175D-FB70-437C-B08F-374F8A1337C3}.Release|Any CPU.ActiveCfg = Release|Any CPU
		{529F175D-FB70-437C-B08F-374F8A1337C3}.Release|Any CPU.Build.0 = Release|Any CPU
		{529F175D-FB70-437C-B08F-374F8A1337C3}.Release|ARM.ActiveCfg = Release|Any CPU
		{529F175D-FB70-437C-B08F-374F8A1337C3}.Release|ARM.Build.0 = Release|Any CPU
		{529F175D-FB70-437C-B08F-374F8A1337C3}.Release|iPhone.ActiveCfg = Release|Any CPU
		{529F175D-FB70-437C-B08F-374F8A1337C3}.Release|iPhone.Build.0 = Release|Any CPU
		{529F175D-FB70-437C-B08F-374F8A1337C3}.Release|iPhoneSimulator.ActiveCfg = Release|Any CPU
		{529F175D-FB70-437C-B08F-374F8A1337C3}.Release|iPhoneSimulator.Build.0 = Release|Any CPU
		{529F175D-FB70-437C-B08F-374F8A1337C3}.Release|x64.ActiveCfg = Release|Any CPU
		{529F175D-FB70-437C-B08F-374F8A1337C3}.Release|x64.Build.0 = Release|Any CPU
		{529F175D-FB70-437C-B08F-374F8A1337C3}.Release|x86.ActiveCfg = Release|Any CPU
		{529F175D-FB70-437C-B08F-374F8A1337C3}.Release|x86.Build.0 = Release|Any CPU
	EndGlobalSection
	GlobalSection(SolutionProperties) = preSolution
		HideSolutionNode = FALSE
	EndGlobalSection
	GlobalSection(NestedProjects) = preSolution
		{4C5E8C14-A287-4101-9BF0-16D76251F922} = {7EFA530D-312B-4323-9993-15C7A214A505}
		{FE52D87D-590D-4AE1-8F9D-DB2693E9C202} = {7EFA530D-312B-4323-9993-15C7A214A505}
		{E36A2EF4-53DF-42D9-A65D-46705FE94191} = {FE52D87D-590D-4AE1-8F9D-DB2693E9C202}
		{74CC8E1B-4001-4810-9246-13F33C7D94CA} = {4C5E8C14-A287-4101-9BF0-16D76251F922}
		{976F9047-2967-428B-8B0D-D6F18BF44EA3} = {4C5E8C14-A287-4101-9BF0-16D76251F922}
		{573F69B9-FB97-48F8-BC26-120159C7D0AB} = {4C5E8C14-A287-4101-9BF0-16D76251F922}
		{6D3E4D81-9EA9-44BF-80B1-FF51EF45C6E0} = {4C5E8C14-A287-4101-9BF0-16D76251F922}
	EndGlobalSection
	GlobalSection(ExtensibilityGlobals) = postSolution
		SolutionGuid = {A13624D4-D055-4FEE-90B8-0CCBCFA8D7CB}
	EndGlobalSection
EndGlobal
